{
  "name": "canvas-lms",
  "version": "0.0.0",
  "dependencies": {
    "brandable_css": {
      "version": "0.0.62",
      "from": "https://registry.npmjs.org/brandable_css/-/brandable_css-0.0.62.tgz",
      "resolved": "https://registry.npmjs.org/brandable_css/-/brandable_css-0.0.62.tgz",
      "dependencies": {
        "autoprefixer": {
          "version": "6.3.6",
          "from": "autoprefixer>=6.3.6 <7.0.0",
          "resolved": "https://registry.npmjs.org/autoprefixer/-/autoprefixer-6.3.6.tgz"
        },
        "aws-sdk": {
          "version": "2.3.3",
          "from": "aws-sdk>=2.3.3 <3.0.0",
          "resolved": "https://registry.npmjs.org/aws-sdk/-/aws-sdk-2.3.3.tgz"
        },
        "babel-cli": {
          "version": "6.18.0",
          "from": "babel-cli@>=6.7.5 <7.0.0",
          "resolved": "https://registry.npmjs.org/babel-cli/-/babel-cli-6.18.0.tgz",
          "dependencies": {
            "glob": {
              "version": "5.0.15",
              "from": "glob@>=5.0.5 <6.0.0",
              "resolved": "https://registry.npmjs.org/glob/-/glob-5.0.15.tgz"
            }
          }
        },
        "babel-polyfill": {
          "version": "6.7.4",
          "from": "babel-polyfill>=6.7.4 <7.0.0",
          "resolved": "https://registry.npmjs.org/babel-polyfill/-/babel-polyfill-6.7.4.tgz"
        },
        "babel-preset-es2015": {
          "version": "6.6.0",
          "from": "babel-preset-es2015>=6.6.0 <7.0.0",
          "resolved": "https://registry.npmjs.org/babel-preset-es2015/-/babel-preset-es2015-6.6.0.tgz"
        },
        "babel-preset-stage-2": {
          "version": "6.5.0",
          "from": "babel-preset-stage-2>=6.5.0 <7.0.0",
          "resolved": "https://registry.npmjs.org/babel-preset-stage-2/-/babel-preset-stage-2-6.5.0.tgz"
        },
        "bluebird": {
          "version": "3.3.5",
          "from": "bluebird>=3.3.5 <4.0.0",
          "resolved": "https://registry.npmjs.org/bluebird/-/bluebird-3.3.5.tgz"
        },
        "bluebird-retry": {
          "version": "0.6.0",
          "from": "bluebird-retry>=0.6.0 <1.0.0",
          "resolved": "https://registry.npmjs.org/bluebird-retry/-/bluebird-retry-0.6.0.tgz"
        },
        "chalk": {
          "version": "1.1.3",
          "from": "chalk>=1.1.3 <2.0.0",
          "resolved": "https://registry.npmjs.org/chalk/-/chalk-1.1.3.tgz"
        },
        "chokidar": {
          "version": "1.4.3",
          "from": "chokidar>=1.4.3 <2.0.0",
          "resolved": "https://registry.npmjs.org/chokidar/-/chokidar-1.4.3.tgz"
        },
        "commander": {
          "version": "2.9.0",
          "from": "commander>=2.9.0 <3.0.0",
          "resolved": "https://registry.npmjs.org/commander/-/commander-2.9.0.tgz"
        },
        "debug": {
          "version": "2.2.0",
          "from": "debug>=2.2.0 <3.0.0",
          "resolved": "https://registry.npmjs.org/debug/-/debug-2.2.0.tgz"
        },
        "fs-extra-promise": {
          "version": "0.3.1",
          "from": "fs-extra-promise>=0.3.1 <1.0.0",
          "resolved": "https://registry.npmjs.org/fs-extra-promise/-/fs-extra-promise-0.3.1.tgz"
        },
        "glob": {
          "version": "7.1.1",
          "from": "glob@>=7.0.3 <8.0.0",
          "resolved": "https://registry.npmjs.org/glob/-/glob-7.1.1.tgz"
        },
        "js-yaml": {
          "version": "3.5.5",
          "from": "js-yaml>=3.5.5 <4.0.0",
          "resolved": "https://registry.npmjs.org/js-yaml/-/js-yaml-3.5.5.tgz"
        },
        "lodash": {
          "version": "4.17.4",
          "from": "lodash@>=4.11.0 <5.0.0",
          "resolved": "https://registry.npmjs.org/lodash/-/lodash-4.17.4.tgz"
        },
        "node-sass": {
          "version": "3.4.2",
          "from": "node-sass>=3.4.2 <4.0.0",
          "resolved": "https://registry.npmjs.org/node-sass/-/node-sass-3.4.2.tgz"
        },
        "node-zopfli": {
          "version": "1.4.0",
          "from": "https://registry.npmjs.org/node-zopfli/-/node-zopfli-1.4.0.tgz",
          "resolved": "https://registry.npmjs.org/node-zopfli/-/node-zopfli-1.4.0.tgz",
          "dependencies": {
            "bluebird": {
              "version": "2.11.0",
              "from": "bluebird@>=2.9.25 <3.0.0",
              "resolved": "https://registry.npmjs.org/bluebird/-/bluebird-2.11.0.tgz"
            },
            "defaults": {
              "version": "1.0.2",
              "from": "defaults@>=1.0.2 < 2.0.0",
              "resolved": "https://registry.npmjs.org/defaults/-/defaults-1.0.2.tgz"
            },
            "node-pre-gyp": {
              "version": "0.6.4",
              "from": "https://registry.npmjs.org/node-pre-gyp/-/node-pre-gyp-0.6.4.tgz",
              "resolved": "https://registry.npmjs.org/node-pre-gyp/-/node-pre-gyp-0.6.4.tgz",
              "dependencies": {
                "nopt": {
                  "version": "3.0.1",
                  "from": "nopt@>=3.0.1 <3.1.0",
                  "resolved": "https://registry.npmjs.org/nopt/-/nopt-3.0.1.tgz",
                  "dependencies": {
                    "abbrev": {
                      "version": "1.0.5",
                      "from": "abbrev@>=1.0.0 <2.0.0",
                      "resolved": "https://registry.npmjs.org/abbrev/-/abbrev-1.0.5.tgz"
                    }
                  }
                },
                "npmlog": {
                  "version": "1.1.0",
                  "from": "npmlog@>=1.1.0 <1.2.0",
                  "resolved": "https://registry.npmjs.org/npmlog/-/npmlog-1.1.0.tgz",
                  "dependencies": {
                    "ansi": {
                      "version": "0.3.0",
                      "from": "ansi@>=0.3.0 <0.4.0",
                      "resolved": "https://registry.npmjs.org/ansi/-/ansi-0.3.0.tgz"
                    },
                    "are-we-there-yet": {
                      "version": "1.0.2",
                      "from": "are-we-there-yet@>=1.0.0 <1.1.0",
                      "resolved": "https://registry.npmjs.org/are-we-there-yet/-/are-we-there-yet-1.0.2.tgz",
                      "dependencies": {
                        "delegates": {
                          "version": "0.1.0",
                          "from": "delegates@>=0.1.0 <0.2.0",
                          "resolved": "https://registry.npmjs.org/delegates/-/delegates-0.1.0.tgz"
                        }
                      }
                    },
                    "gauge": {
                      "version": "1.1.0",
                      "from": "gauge@>=1.1.0 <1.2.0",
                      "resolved": "https://registry.npmjs.org/gauge/-/gauge-1.1.0.tgz",
                      "dependencies": {
                        "has-unicode": {
                          "version": "1.0.0",
                          "from": "has-unicode@>=1.0.0 <2.0.0",
                          "resolved": "https://registry.npmjs.org/has-unicode/-/has-unicode-1.0.0.tgz"
                        },
                        "lodash.pad": {
                          "version": "3.0.0",
                          "from": "lodash.pad@>=3.0.0 <4.0.0",
                          "resolved": "https://registry.npmjs.org/lodash.pad/-/lodash.pad-3.0.0.tgz",
                          "dependencies": {
                            "lodash._basetostring": {
                              "version": "3.0.0",
                              "from": "lodash._basetostring@>=3.0.0 <4.0.0",
                              "resolved": "https://registry.npmjs.org/lodash._basetostring/-/lodash._basetostring-3.0.0.tgz"
                            },
                            "lodash._createpad": {
                              "version": "3.0.1",
                              "from": "lodash._createpad@>=3.0.0 <4.0.0",
                              "resolved": "https://registry.npmjs.org/lodash._createpad/-/lodash._createpad-3.0.1.tgz",
                              "dependencies": {
                                "lodash.repeat": {
                                  "version": "3.0.0",
                                  "from": "lodash.repeat@>=3.0.0 <4.0.0",
                                  "resolved": "https://registry.npmjs.org/lodash.repeat/-/lodash.repeat-3.0.0.tgz"
                                }
                              }
                            }
                          }
                        },
                        "lodash.padleft": {
                          "version": "3.0.0",
                          "from": "lodash.padleft@>=3.0.0 <4.0.0",
                          "resolved": "https://registry.npmjs.org/lodash.padleft/-/lodash.padleft-3.0.0.tgz",
                          "dependencies": {
                            "lodash._basetostring": {
                              "version": "3.0.0",
                              "from": "lodash._basetostring@>=3.0.0 <4.0.0",
                              "resolved": "https://registry.npmjs.org/lodash._basetostring/-/lodash._basetostring-3.0.0.tgz"
                            },
                            "lodash._createpad": {
                              "version": "3.0.1",
                              "from": "lodash._createpad@>=3.0.0 <4.0.0",
                              "resolved": "https://registry.npmjs.org/lodash._createpad/-/lodash._createpad-3.0.1.tgz",
                              "dependencies": {
                                "lodash.repeat": {
                                  "version": "3.0.0",
                                  "from": "lodash.repeat@>=3.0.0 <4.0.0",
                                  "resolved": "https://registry.npmjs.org/lodash.repeat/-/lodash.repeat-3.0.0.tgz"
                                }
                              }
                            }
                          }
                        },
                        "lodash.padright": {
                          "version": "3.0.0",
                          "from": "lodash.padright@>=3.0.0 <4.0.0",
                          "resolved": "https://registry.npmjs.org/lodash.padright/-/lodash.padright-3.0.0.tgz",
                          "dependencies": {
                            "lodash._basetostring": {
                              "version": "3.0.0",
                              "from": "lodash._basetostring@>=3.0.0 <4.0.0",
                              "resolved": "https://registry.npmjs.org/lodash._basetostring/-/lodash._basetostring-3.0.0.tgz"
                            },
                            "lodash._createpad": {
                              "version": "3.0.1",
                              "from": "lodash._createpad@>=3.0.0 <4.0.0",
                              "resolved": "https://registry.npmjs.org/lodash._createpad/-/lodash._createpad-3.0.1.tgz",
                              "dependencies": {
                                "lodash.repeat": {
                                  "version": "3.0.0",
                                  "from": "lodash.repeat@>=3.0.0 <4.0.0",
                                  "resolved": "https://registry.npmjs.org/lodash.repeat/-/lodash.repeat-3.0.0.tgz"
                                }
                              }
                            }
                          }
                        }
                      }
                    }
                  }
                }
              }
            }
          }
        },
        "postcss": {
          "version": "5.0.19",
          "from": "postcss>=5.0.19 <6.0.0",
          "resolved": "https://registry.npmjs.org/postcss/-/postcss-5.0.19.tgz"
        },
        "postcss-url": {
          "version": "5.1.1",
          "from": "postcss-url>=5.1.1 <6.0.0",
          "resolved": "https://registry.npmjs.org/postcss-url/-/postcss-url-5.1.1.tgz"
        },
        "rev-hash": {
          "version": "1.0.0",
          "from": "rev-hash>=1.0.0 <2.0.0",
          "resolved": "https://registry.npmjs.org/rev-hash/-/rev-hash-1.0.0.tgz"
        }
      }
    },
    "babel-core": {
      "version": "5.8.38",
      "from": "https://registry.npmjs.org/babel-core/-/babel-core-5.8.38.tgz",
      "resolved": "https://registry.npmjs.org/babel-core/-/babel-core-5.8.38.tgz",
      "dependencies": {
        "babel-plugin-constant-folding": {
          "version": "1.0.1",
          "from": "babel-plugin-constant-folding@>=1.0.1 <2.0.0",
          "resolved": "https://registry.npmjs.org/babel-plugin-constant-folding/-/babel-plugin-constant-folding-1.0.1.tgz"
        },
        "babel-plugin-dead-code-elimination": {
          "version": "1.0.2",
          "from": "babel-plugin-dead-code-elimination@>=1.0.2 <2.0.0",
          "resolved": "https://registry.npmjs.org/babel-plugin-dead-code-elimination/-/babel-plugin-dead-code-elimination-1.0.2.tgz"
        },
        "babel-plugin-eval": {
          "version": "1.0.1",
          "from": "babel-plugin-eval@>=1.0.1 <2.0.0",
          "resolved": "https://registry.npmjs.org/babel-plugin-eval/-/babel-plugin-eval-1.0.1.tgz"
        },
        "babel-plugin-inline-environment-variables": {
          "version": "1.0.1",
          "from": "babel-plugin-inline-environment-variables@>=1.0.1 <2.0.0",
          "resolved": "https://registry.npmjs.org/babel-plugin-inline-environment-variables/-/babel-plugin-inline-environment-variables-1.0.1.tgz"
        },
        "babel-plugin-jscript": {
          "version": "1.0.4",
          "from": "babel-plugin-jscript@>=1.0.4 <2.0.0",
          "resolved": "https://registry.npmjs.org/babel-plugin-jscript/-/babel-plugin-jscript-1.0.4.tgz"
        },
        "babel-plugin-member-expression-literals": {
          "version": "1.0.1",
          "from": "babel-plugin-member-expression-literals@>=1.0.1 <2.0.0",
          "resolved": "https://registry.npmjs.org/babel-plugin-member-expression-literals/-/babel-plugin-member-expression-literals-1.0.1.tgz"
        },
        "babel-plugin-property-literals": {
          "version": "1.0.1",
          "from": "babel-plugin-property-literals@>=1.0.1 <2.0.0",
          "resolved": "https://registry.npmjs.org/babel-plugin-property-literals/-/babel-plugin-property-literals-1.0.1.tgz"
        },
        "babel-plugin-proto-to-assign": {
          "version": "1.0.3",
          "from": "babel-plugin-proto-to-assign@>=1.0.3 <2.0.0",
          "resolved": "https://registry.npmjs.org/babel-plugin-proto-to-assign/-/babel-plugin-proto-to-assign-1.0.3.tgz"
        },
        "babel-plugin-react-constant-elements": {
          "version": "1.0.3",
          "from": "babel-plugin-react-constant-elements@>=1.0.3 <2.0.0",
          "resolved": "https://registry.npmjs.org/babel-plugin-react-constant-elements/-/babel-plugin-react-constant-elements-1.0.3.tgz"
        },
        "babel-plugin-react-display-name": {
          "version": "1.0.3",
          "from": "babel-plugin-react-display-name@>=1.0.3 <2.0.0",
          "resolved": "https://registry.npmjs.org/babel-plugin-react-display-name/-/babel-plugin-react-display-name-1.0.3.tgz"
        },
        "babel-plugin-remove-console": {
          "version": "1.0.1",
          "from": "babel-plugin-remove-console@>=1.0.1 <2.0.0",
          "resolved": "https://registry.npmjs.org/babel-plugin-remove-console/-/babel-plugin-remove-console-1.0.1.tgz"
        },
        "babel-plugin-remove-debugger": {
          "version": "1.0.1",
          "from": "babel-plugin-remove-debugger@>=1.0.1 <2.0.0",
          "resolved": "https://registry.npmjs.org/babel-plugin-remove-debugger/-/babel-plugin-remove-debugger-1.0.1.tgz"
        },
        "babel-plugin-runtime": {
          "version": "1.0.7",
          "from": "babel-plugin-runtime@>=1.0.7 <2.0.0",
          "resolved": "https://registry.npmjs.org/babel-plugin-runtime/-/babel-plugin-runtime-1.0.7.tgz"
        },
        "babel-plugin-undeclared-variables-check": {
          "version": "1.0.2",
          "from": "babel-plugin-undeclared-variables-check@>=1.0.2 <2.0.0",
          "resolved": "https://registry.npmjs.org/babel-plugin-undeclared-variables-check/-/babel-plugin-undeclared-variables-check-1.0.2.tgz"
        },
        "babel-plugin-undefined-to-void": {
          "version": "1.1.6",
          "from": "babel-plugin-undefined-to-void@>=1.1.6 <2.0.0",
          "resolved": "https://registry.npmjs.org/babel-plugin-undefined-to-void/-/babel-plugin-undefined-to-void-1.1.6.tgz"
        },
        "babylon": {
          "version": "5.8.38",
          "from": "babylon@>=5.8.38 <6.0.0",
          "resolved": "https://registry.npmjs.org/babylon/-/babylon-5.8.38.tgz"
        },
        "bluebird": {
          "version": "2.11.0",
          "from": "bluebird@>=2.9.33 <3.0.0",
          "resolved": "https://registry.npmjs.org/bluebird/-/bluebird-2.11.0.tgz"
        },
        "chalk": {
          "version": "1.0.0",
          "from": "chalk@>=1.0.0 <2.0.0",
          "resolved": "https://registry.npmjs.org/chalk/-/chalk-1.0.0.tgz"
        },
        "convert-source-map": {
          "version": "1.1.0",
          "from": "convert-source-map@>=1.1.0 <2.0.0",
          "resolved": "https://registry.npmjs.org/convert-source-map/-/convert-source-map-1.1.0.tgz"
        },
        "core-js": {
          "version": "1.2.7",
          "from": "core-js@>=1.0.0 <2.0.0",
          "resolved": "https://registry.npmjs.org/core-js/-/core-js-1.2.7.tgz"
        },
        "debug": {
          "version": "2.1.1",
          "from": "debug@>=2.1.1 <3.0.0",
          "resolved": "https://registry.npmjs.org/debug/-/debug-2.1.1.tgz"
        },
        "detect-indent": {
          "version": "3.0.1",
          "from": "detect-indent@>=3.0.0 <4.0.0",
          "resolved": "https://registry.npmjs.org/detect-indent/-/detect-indent-3.0.1.tgz"
        },
        "esutils": {
          "version": "2.0.0",
          "from": "esutils@>=2.0.0 <3.0.0",
          "resolved": "https://registry.npmjs.org/esutils/-/esutils-2.0.0.tgz"
        },
        "fs-readdir-recursive": {
          "version": "0.1.2",
          "from": "fs-readdir-recursive@>=0.1.0 <0.2.0",
          "resolved": "https://registry.npmjs.org/fs-readdir-recursive/-/fs-readdir-recursive-0.1.2.tgz"
        },
        "globals": {
          "version": "6.4.1",
          "from": "globals@>=6.4.0 <7.0.0",
          "resolved": "https://registry.npmjs.org/globals/-/globals-6.4.1.tgz"
        },
        "home-or-tmp": {
          "version": "1.0.0",
          "from": "home-or-tmp@>=1.0.0 <2.0.0",
          "resolved": "https://registry.npmjs.org/home-or-tmp/-/home-or-tmp-1.0.0.tgz"
        },
        "is-integer": {
          "version": "1.0.4",
          "from": "is-integer@>=1.0.4 <2.0.0",
          "resolved": "https://registry.npmjs.org/is-integer/-/is-integer-1.0.4.tgz"
        },
        "js-tokens": {
          "version": "1.0.1",
          "from": "js-tokens@1.0.1",
          "resolved": "https://registry.npmjs.org/js-tokens/-/js-tokens-1.0.1.tgz"
        },
        "json5": {
          "version": "0.4.0",
          "from": "json5@>=0.4.0 <0.5.0",
          "resolved": "https://registry.npmjs.org/json5/-/json5-0.4.0.tgz"
        },
        "lodash": {
          "version": "3.10.0",
          "from": "lodash@>=3.10.0 <4.0.0",
          "resolved": "https://registry.npmjs.org/lodash/-/lodash-3.10.0.tgz"
        },
        "minimatch": {
          "version": "2.0.10",
          "from": "minimatch@>=2.0.3 <3.0.0",
          "resolved": "https://registry.npmjs.org/minimatch/-/minimatch-2.0.10.tgz"
        },
        "output-file-sync": {
          "version": "1.1.0",
          "from": "output-file-sync@>=1.1.0 <2.0.0",
          "resolved": "https://registry.npmjs.org/output-file-sync/-/output-file-sync-1.1.0.tgz"
        },
        "path-exists": {
          "version": "1.0.0",
          "from": "path-exists@>=1.0.0 <2.0.0",
          "resolved": "https://registry.npmjs.org/path-exists/-/path-exists-1.0.0.tgz"
        },
        "path-is-absolute": {
          "version": "1.0.0",
          "from": "path-is-absolute@>=1.0.0 <2.0.0",
          "resolved": "https://registry.npmjs.org/path-is-absolute/-/path-is-absolute-1.0.0.tgz"
        },
        "private": {
          "version": "0.1.6",
          "from": "private@>=0.1.6 <1.0.0",
          "resolved": "https://registry.npmjs.org/private/-/private-0.1.6.tgz"
        },
        "regenerator": {
          "version": "0.8.35",
          "from": "regenerator@0.8.35",
          "resolved": "https://registry.npmjs.org/regenerator/-/regenerator-0.8.35.tgz",
          "dependencies": {
            "commoner": {
              "version": "0.10.0",
              "from": "commoner@>=0.10.0 <1.0.0",
              "resolved": "https://registry.npmjs.org/commoner/-/commoner-0.10.0.tgz"
            },
            "defs": {
              "version": "1.1.0",
              "from": "defs@>=1.1.0 <2.0.0",
              "resolved": "https://registry.npmjs.org/defs/-/defs-1.1.0.tgz"
            },
            "esprima-fb": {
              "version": "15001.1.0-dev-harmony-fb",
              "from": "esprima-fb@15001.1.0-dev-harmony-fb",
              "resolved": "https://registry.npmjs.org/esprima-fb/-/esprima-fb-15001.1.0-dev-harmony-fb.tgz"
            },
            "private": {
              "version": "0.1.5",
              "from": "private@>=0.1.5 <1.0.0",
              "resolved": "https://registry.npmjs.org/private/-/private-0.1.5.tgz"
            },
            "recast": {
              "version": "0.10.24",
              "from": "recast@0.10.24",
              "resolved": "https://registry.npmjs.org/recast/-/recast-0.10.24.tgz"
            },
            "through": {
              "version": "2.3.6",
              "from": "through@>=2.3.6 <3.0.0",
              "resolved": "https://registry.npmjs.org/through/-/through-2.3.6.tgz"
            }
          }
        },
        "regexpu": {
          "version": "1.3.0",
          "from": "regexpu@>=1.3.0 <2.0.0",
          "resolved": "https://registry.npmjs.org/regexpu/-/regexpu-1.3.0.tgz"
        },
        "repeating": {
          "version": "1.1.3",
          "from": "repeating@>=1.1.2 <2.0.0",
          "resolved": "https://registry.npmjs.org/repeating/-/repeating-1.1.3.tgz"
        },
        "resolve": {
          "version": "1.1.6",
          "from": "resolve@>=1.1.6 <2.0.0",
          "resolved": "https://registry.npmjs.org/resolve/-/resolve-1.1.6.tgz"
        },
        "shebang-regex": {
          "version": "1.0.0",
          "from": "shebang-regex@>=1.0.0 <2.0.0",
          "resolved": "https://registry.npmjs.org/shebang-regex/-/shebang-regex-1.0.0.tgz"
        },
        "slash": {
          "version": "1.0.0",
          "from": "slash@>=1.0.0 <2.0.0",
          "resolved": "https://registry.npmjs.org/slash/-/slash-1.0.0.tgz"
        },
        "source-map": {
          "version": "0.5.0",
          "from": "source-map@>=0.5.0 <1.0.0",
          "resolved": "https://registry.npmjs.org/source-map/-/source-map-0.5.0.tgz"
        },
        "source-map-support": {
          "version": "0.2.10",
          "from": "source-map-support@>=0.2.10 <0.3.0",
          "resolved": "https://registry.npmjs.org/source-map-support/-/source-map-support-0.2.10.tgz",
          "dependencies": {
            "source-map": {
              "version": "0.1.32",
              "from": "source-map@0.1.32",
              "resolved": "https://registry.npmjs.org/source-map/-/source-map-0.1.32.tgz"
            }
          }
        },
        "to-fast-properties": {
          "version": "1.0.0",
          "from": "to-fast-properties@>=1.0.0 < 2.0.0",
          "resolved": "https://registry.npmjs.org/to-fast-properties/-/to-fast-properties-1.0.0.tgz"
        },
        "trim-right": {
          "version": "1.0.0",
          "from": "trim-right@>=1.0.0 <2.0.0",
          "resolved": "https://registry.npmjs.org/trim-right/-/trim-right-1.0.0.tgz"
        },
        "try-resolve": {
          "version": "1.0.0",
          "from": "try-resolve@>=1.0.0 <2.0.0",
          "resolved": "https://registry.npmjs.org/try-resolve/-/try-resolve-1.0.0.tgz"
        },
        "minimist": {
          "version": "1.2.0",
          "from": "minimist@>=1.1.0 <2.0.0",
          "resolved": "https://registry.npmjs.org/minimist/-/minimist-1.2.0.tgz"
        }
      }
    }
  }
}
